// !$*UTF8*$!
{
	archiveVersion = 1;
	classes = {
	};
	objectVersion = 46;
	objects = {

/* Begin PBXBuildFile section */
		05FB84181B894D220079A85F /* AppDelegate.swift in Sources */ = {isa = PBXBuildFile; fileRef = 05FB84171B894D220079A85F /* AppDelegate.swift */; };
		05FB841A1B894D220079A85F /* ViewController.swift in Sources */ = {isa = PBXBuildFile; fileRef = 05FB84191B894D220079A85F /* ViewController.swift */; };
		05FB841D1B894D220079A85F /* Main.storyboard in Resources */ = {isa = PBXBuildFile; fileRef = 05FB841B1B894D220079A85F /* Main.storyboard */; };
		05FB841F1B894D220079A85F /* Assets.xcassets in Resources */ = {isa = PBXBuildFile; fileRef = 05FB841E1B894D220079A85F /* Assets.xcassets */; };
		05FB84221B894D220079A85F /* LaunchScreen.storyboard in Resources */ = {isa = PBXBuildFile; fileRef = 05FB84201B894D220079A85F /* LaunchScreen.storyboard */; };
/* End PBXBuildFile section */

/* Begin PBXFileReference section */
		05FB84141B894D220079A85F /* MemoryMappedFileSwift.app */ = {isa = PBXFileReference; explicitFileType = wrapper.application; includeInIndex = 0; path = MemoryMappedFileSwift.app; sourceTree = BUILT_PRODUCTS_DIR; };
		05FB84171B894D220079A85F /* AppDelegate.swift */ = {isa = PBXFileReference; lastKnownFileType = sourcecode.swift; path = AppDelegate.swift; sourceTree = "<group>"; };
		05FB84191B894D220079A85F /* ViewController.swift */ = {isa = PBXFileReference; lastKnownFileType = sourcecode.swift; path = ViewController.swift; sourceTree = "<group>"; };
		05FB841C1B894D220079A85F /* Base */ = {isa = PBXFileReference; lastKnownFileType = file.storyboard; name = Base; path = Base.lproj/Main.storyboard; sourceTree = "<group>"; };
		05FB841E1B894D220079A85F /* Assets.xcassets */ = {isa = PBXFileReference; lastKnownFileType = folder.assetcatalog; path = Assets.xcassets; sourceTree = "<group>"; };
		05FB84211B894D220079A85F /* Base */ = {isa = PBXFileReference; lastKnownFileType = file.storyboard; name = Base; path = Base.lproj/LaunchScreen.storyboard; sourceTree = "<group>"; };
		05FB84231B894D220079A85F /* Info.plist */ = {isa = PBXFileReference; lastKnownFileType = text.plist.xml; path = Info.plist; sourceTree = "<group>"; };
/* End PBXFileReference section */

/* Begin PBXFrameworksBuildPhase section */
		05FB84111B894D220079A85F /* Frameworks */ = {
			isa = PBXFrameworksBuildPhase;
			buildActionMask = 2147483647;
			files = (
			);
			runOnlyForDeploymentPostprocessing = 0;
		};
/* End PBXFrameworksBuildPhase section */

/* Begin PBXGroup section */
		05FB840B1B894D220079A85F = {
			isa = PBXGroup;
			children = (
				05FB84161B894D220079A85F /* MemoryMappedFileSwift */,
				05FB84151B894D220079A85F /* Products */,
			);
			sourceTree = "<group>";
		};
		05FB84151B894D220079A85F /* Products */ = {
			isa = PBXGroup;
			children = (
				05FB84141B894D220079A85F /* MemoryMappedFileSwift.app */,
			);
			name = Products;
			sourceTree = "<group>";
		};
		05FB84161B894D220079A85F /* MemoryMappedFileSwift */ = {
			isa = PBXGroup;
			children = (
				05FB84171B894D220079A85F /* AppDelegate.swift */,
				05FB84191B894D220079A85F /* ViewController.swift */,
				05FB841B1B894D220079A85F /* Main.storyboard */,
				05FB841E1B894D220079A85F /* Assets.xcassets */,
				05FB84201B894D220079A85F /* LaunchScreen.storyboard */,
				05FB84231B894D220079A85F /* Info.plist */,
			);
			path = MemoryMappedFileSwift;
			sourceTree = "<group>";
		};
/* End PBXGroup section */

/* Begin PBXNativeTarget section */
		05FB84131B894D220079A85F /* MemoryMappedFileSwift */ = {
			isa = PBXNativeTarget;
			buildConfigurationList = 05FB84261B894D220079A85F /* Build configuration list for PBXNativeTarget "MemoryMappedFileSwift" */;
			buildPhases = (
				05FB84101B894D220079A85F /* Sources */,
				05FB84111B894D220079A85F /* Frameworks */,
				05FB84121B894D220079A85F /* Resources */,
			);
			buildRules = (
			);
			dependencies = (
			);
			name = MemoryMappedFileSwift;
			productName = MemoryMappedFileSwift;
			productReference = 05FB84141B894D220079A85F /* MemoryMappedFileSwift.app */;
			productType = "com.apple.product-type.application";
		};
/* End PBXNativeTarget section */

/* Begin PBXProject section */
		05FB840C1B894D220079A85F /* Project object */ = {
			isa = PBXProject;
			attributes = {
				LastUpgradeCheck = 0700;
				ORGANIZATIONNAME = "Troy Stribling";
				TargetAttributes = {
					05FB84131B894D220079A85F = {
						CreatedOnToolsVersion = 7.0;
					};
				};
			};
			buildConfigurationList = 05FB840F1B894D220079A85F /* Build configuration list for PBXProject "MemoryMappedFileSwift" */;
			compatibilityVersion = "Xcode 3.2";
			developmentRegion = English;
			hasScannedForEncodings = 0;
			knownRegions = (
				en,
				Base,
			);
			mainGroup = 05FB840B1B894D220079A85F;
			productRefGroup = 05FB84151B894D220079A85F /* Products */;
			projectDirPath = "";
			projectRoot = "";
			targets = (
				05FB84131B894D220079A85F /* MemoryMappedFileSwift */,
			);
		};
/* End PBXProject section */

/* Begin PBXResourcesBuildPhase section */
		05FB84121B894D220079A85F /* Resources */ = {
			isa = PBXResourcesBuildPhase;
			buildActionMask = 2147483647;
			files = (
				05FB84221B894D220079A85F /* LaunchScreen.storyboard in Resources */,
				05FB841F1B894D220079A85F /* Assets.xcassets in Resources */,
				05FB841D1B894D220079A85F /* Main.storyboard in Resources */,
			);
			runOnlyForDeploymentPostprocessing = 0;
		};
/* End PBXResourcesBuildPhase section */

/* Begin PBXSourcesBuildPhase section */
		05FB84101B894D220079A85F /* Sources */ = {
			isa = PBXSourcesBuildPhase;
			buildActionMask = 2147483647;
			files = (
				05FB841A1B894D220079A85F /* ViewController.swift in Sources */,
				05FB84181B894D220079A85F /* AppDelegate.swift in Sources */,
			);
			runOnlyForDeploymentPostprocessing = 0;
		};
/* End PBXSourcesBuildPhase section */

/* Begin PBXVariantGroup section */
		05FB841B1B894D220079A85F /* Main.storyboard */ = {
			isa = PBXVariantGroup;
			children = (
				05FB841C1B894D220079A85F /* Base */,
			);
			name = Main.storyboard;
			sourceTree = "<group>";
		};
		05FB84201B894D220079A85F /* LaunchScreen.storyboard */ = {
			isa = PBXVariantGroup;
			children = (
				05FB84211B894D220079A85F /* Base */,
			);
			name = LaunchScreen.storyboard;
			sourceTree = "<group>";
		};
/* End PBXVariantGroup section */

/* Begin XCBuildConfiguration section */
		05FB84241B894D220079A85F /* Debug */ = {
			isa = XCBuildConfiguration;
			buildSettings = {
				ALWAYS_SEARCH_USER_PATHS = NO;
				CLANG_CXX_LANGUAGE_STANDARD = "gnu++0x";
				CLANG_CXX_LIBRARY = "libc++";
				CLANG_ENABLE_MODULES = YES;
				CLANG_ENABLE_OBJC_ARC = YES;
				CLANG_WARN_BOOL_CONVERSION = YES;
				CLANG_WARN_CONSTANT_CONVERSION = YES;
				CLANG_WARN_DIRECT_OBJC_ISA_USAGE = YES_ERROR;
				CLANG_WARN_EMPTY_BODY = YES;
				CLANG_WARN_ENUM_CONVERSION = YES;
				CLANG_WARN_INT_CONVERSION = YES;
				CLANG_WARN_OBJC_ROOT_CLASS = YES_ERROR;
				CLANG_WARN_UNREACHABLE_CODE = YES;
				CLANG_WARN__DUPLICATE_METHOD_MATCH = YES;
				"CODE_SIGN_IDENTITY[sdk=iphoneos*]" = "iPhone Developer";
				COPY_PHASE_STRIP = NO;
				DEBUG_INFORMATION_FORMAT = dwarf;
				ENABLE_STRICT_OBJC_MSGSEND = YES;
				ENABLE_TESTABILITY = YES;
				GCC_C_LANGUAGE_STANDARD = gnu99;
				GCC_DYNAMIC_NO_PIC = NO;
				GCC_NO_COMMON_BLOCKS = YES;
				GCC_OPTIMIZATION_LEVEL = 0;
				GCC_PREPROCESSOR_DEFINITIONS = (
					"DEBUG=1",
					"$(inherited)",
				);
				GCC_WARN_64_TO_32_BIT_CONVERSION = YES;
				GCC_WARN_ABOUT_RETURN_TYPE = YES_ERROR;
				GCC_WARN_UNDECLARED_SELECTOR = YES;
				GCC_WARN_UNINITIALIZED_AUTOS = YES_AGGRESSIVE;
				GCC_WARN_UNUSED_FUNCTION = YES;
				GCC_WARN_UNUSED_VARIABLE = YES;
				IPHONEOS_DEPLOYMENT_TARGET = 9.0;
				MTL_ENABLE_DEBUG_INFO = YES;
				ONLY_ACTIVE_ARCH = YES;
				SDKROOT = iphoneos;
				SWIFT_OPTIMIZATION_LEVEL = "-Onone";
			};
			name = Debug;
		};
		05FB84251B894D220079A85F /* Release */ = {
			isa = XCBuildConfiguration;
			buildSettings = {
				ALWAYS_SEARCH_USER_PATHS = NO;
				CLANG_CXX_LANGUAGE_STANDARD = "gnu++0x";
				CLANG_CXX_LIBRARY = "libc++";
				CLANG_ENABLE_MODULES = YES;
				CLANG_ENABLE_OBJC_ARC = YES;
				CLANG_WARN_BOOL_CONVERSION = YES;
				CLANG_WARN_CONSTANT_CONVERSION = YES;
				CLANG_WARN_DIRECT_OBJC_ISA_USAGE = YES_ERROR;
				CLANG_WARN_EMPTY_BODY = YES;
				CLANG_WARN_ENUM_CONVERSION = YES;
				CLANG_WARN_INT_CONVERSION = YES;
				CLANG_WARN_OBJC_ROOT_CLASS = YES_ERROR;
				CLANG_WARN_UNREACHABLE_CODE = YES;
				CLANG_WARN__DUPLICATE_METHOD_MATCH = YES;
				"CODE_SIGN_IDENTITY[sdk=iphoneos*]" = "iPhone Developer";
				COPY_PHASE_STRIP = NO;
				DEBUG_INFORMATION_FORMAT = "dwarf-with-dsym";
				ENABLE_NS_ASSERTIONS = NO;
				ENABLE_STRICT_OBJC_MSGSEND = YES;
				GCC_C_LANGUAGE_STANDARD = gnu99;
				GCC_NO_COMMON_BLOCKS = YES;
				GCC_WARN_64_TO_32_BIT_CONVERSION = YES;
				GCC_WARN_ABOUT_RETURN_TYPE = YES_ERROR;
				GCC_WARN_UNDECLARED_SELECTOR = YES;
				GCC_WARN_UNINITIALIZED_AUTOS = YES_AGGRESSIVE;
				GCC_WARN_UNUSED_FUNCTION = YES;
				GCC_WARN_UNUSED_VARIABLE = YES;
				IPHONEOS_DEPLOYMENT_TARGET = 9.0;
				MTL_ENABLE_DEBUG_INFO = NO;
				SDKROOT = iphoneos;
				VALIDATE_PRODUCT = YES;
			};
			name = Release;
		};
		05FB84271B894D220079A85F /* Debug */ = {
			isa = XCBuildConfiguration;
			buildSettings = {
				ASSETCATALOG_COMPILER_APPICON_NAME = AppIcon;
				INFOPLIST_FILE = MemoryMappedFileSwift/Info.plist;
				LD_RUNPATH_SEARCH_PATHS = "$(inherited) @executable_path/Frameworks";
				PRODUCT_BUNDLE_IDENTIFIER = gnos.us.MemoryMappedFileSwift;
				PRODUCT_NAME = "$(TARGET_NAME)";
			};
			name = Debug;
		};
		05FB84281B894D220079A85F /* Release */ = {
			isa = XCBuildConfiguration;
			buildSettings = {
				ASSETCATALOG_COMPILER_APPICON_NAME = AppIcon;
				INFOPLIST_FILE = MemoryMappedFileSwift/Info.plist;
				LD_RUNPATH_SEARCH_PATHS = "$(inherited) @executable_path/Frameworks";
				PRODUCT_BUNDLE_IDENTIFIER = gnos.us.MemoryMappedFileSwift;
				PRODUCT_NAME = "$(TARGET_NAME)";
			};
			name = Release;
		};
/* End XCBuildConfiguration section */

/* Begin XCConfigurationList section */
		05FB840F1B894D220079A85F /* Build configuration list for PBXProject "MemoryMappedFileSwift" */ = {
			isa = XCConfigurationList;
			buildConfigurations = (
				05FB84241B894D220079A85F /* Debug */,
				05FB84251B894D220079A85F /* Release */,
			);
			defaultConfigurationIsVisible = 0;
			defaultConfigurationName = Release;
		};
		05FB84261B894D220079A85F /* Build configuration list for PBXNativeTarget "MemoryMappedFileSwift" */ = {
			isa = XCConfigurationList;
			buildConfigurations = (
				05FB84271B894D220079A85F /* Debug */,
				05FB84281B894D220079A85F /* Release */,
			);
			defaultConfigurationIsVisible = 0;
		};
/* End XCConfigurationList section */
	};
	rootObject = 05FB840C1B894D220079A85F /* Project object */;
}
